// !$*UTF8*$!
{
	archiveVersion = 1;
	classes = {
	};
	objectVersion = 50;
	objects = {

/* Begin PBXBuildFile section */
		C03A7BB6238578C400C0A8B1 /* AppDelegate.swift in Sources */ = {isa = PBXBuildFile; fileRef = C03A7BB5238578C400C0A8B1 /* AppDelegate.swift */; };
		C03A7BB8238578C400C0A8B1 /* SceneDelegate.swift in Sources */ = {isa = PBXBuildFile; fileRef = C03A7BB7238578C400C0A8B1 /* SceneDelegate.swift */; };
		C03A7BBA238578C400C0A8B1 /* ViewController.swift in Sources */ = {isa = PBXBuildFile; fileRef = C03A7BB9238578C400C0A8B1 /* ViewController.swift */; };
		C03A7BBD238578C400C0A8B1 /* Main.storyboard in Resources */ = {isa = PBXBuildFile; fileRef = C03A7BBB238578C400C0A8B1 /* Main.storyboard */; };
		C03A7BBF238578C800C0A8B1 /* Assets.xcassets in Resources */ = {isa = PBXBuildFile; fileRef = C03A7BBE238578C800C0A8B1 /* Assets.xcassets */; };
		C03A7BC2238578C800C0A8B1 /* LaunchScreen.storyboard in Resources */ = {isa = PBXBuildFile; fileRef = C03A7BC0238578C800C0A8B1 /* LaunchScreen.storyboard */; };
		C03A7BCA238579CB00C0A8B1 /* RadarView.swift in Sources */ = {isa = PBXBuildFile; fileRef = C03A7BC9238579CB00C0A8B1 /* RadarView.swift */; };
		C03A7BCC23859E7E00C0A8B1 /* Extension.swift in Sources */ = {isa = PBXBuildFile; fileRef = C03A7BCB23859E7E00C0A8B1 /* Extension.swift */; };
		C0B4C0972387042700483EE7 /* BackgroundGrid.swift in Sources */ = {isa = PBXBuildFile; fileRef = C0B4C0962387042700483EE7 /* BackgroundGrid.swift */; };
		C0B4C0992387044B00483EE7 /* Point.swift in Sources */ = {isa = PBXBuildFile; fileRef = C0B4C0982387044B00483EE7 /* Point.swift */; };
		C0B4C09B238708D800483EE7 /* Sweeper.swift in Sources */ = {isa = PBXBuildFile; fileRef = C0B4C09A238708D800483EE7 /* Sweeper.swift */; };
/* End PBXBuildFile section */

/* Begin PBXFileReference section */
		C03A7BB2238578C400C0A8B1 /* RadarAnimation.app */ = {isa = PBXFileReference; explicitFileType = wrapper.application; includeInIndex = 0; path = RadarAnimation.app; sourceTree = BUILT_PRODUCTS_DIR; };
		C03A7BB5238578C400C0A8B1 /* AppDelegate.swift */ = {isa = PBXFileReference; lastKnownFileType = sourcecode.swift; path = AppDelegate.swift; sourceTree = "<group>"; };
		C03A7BB7238578C400C0A8B1 /* SceneDelegate.swift */ = {isa = PBXFileReference; lastKnownFileType = sourcecode.swift; path = SceneDelegate.swift; sourceTree = "<group>"; };
		C03A7BB9238578C400C0A8B1 /* ViewController.swift */ = {isa = PBXFileReference; lastKnownFileType = sourcecode.swift; path = ViewController.swift; sourceTree = "<group>"; };
		C03A7BBC238578C400C0A8B1 /* Base */ = {isa = PBXFileReference; lastKnownFileType = file.storyboard; name = Base; path = Base.lproj/Main.storyboard; sourceTree = "<group>"; };
		C03A7BBE238578C800C0A8B1 /* Assets.xcassets */ = {isa = PBXFileReference; lastKnownFileType = folder.assetcatalog; path = Assets.xcassets; sourceTree = "<group>"; };
		C03A7BC1238578C800C0A8B1 /* Base */ = {isa = PBXFileReference; lastKnownFileType = file.storyboard; name = Base; path = Base.lproj/LaunchScreen.storyboard; sourceTree = "<group>"; };
		C03A7BC3238578C800C0A8B1 /* Info.plist */ = {isa = PBXFileReference; lastKnownFileType = text.plist.xml; path = Info.plist; sourceTree = "<group>"; };
		C03A7BC9238579CB00C0A8B1 /* RadarView.swift */ = {isa = PBXFileReference; lastKnownFileType = sourcecode.swift; path = RadarView.swift; sourceTree = "<group>"; };
		C03A7BCB23859E7E00C0A8B1 /* Extension.swift */ = {isa = PBXFileReference; lastKnownFileType = sourcecode.swift; path = Extension.swift; sourceTree = "<group>"; };
		C0B4C0962387042700483EE7 /* BackgroundGrid.swift */ = {isa = PBXFileReference; lastKnownFileType = sourcecode.swift; path = BackgroundGrid.swift; sourceTree = "<group>"; };
		C0B4C0982387044B00483EE7 /* Point.swift */ = {isa = PBXFileReference; lastKnownFileType = sourcecode.swift; path = Point.swift; sourceTree = "<group>"; };
		C0B4C09A238708D800483EE7 /* Sweeper.swift */ = {isa = PBXFileReference; lastKnownFileType = sourcecode.swift; path = Sweeper.swift; sourceTree = "<group>"; };
/* End PBXFileReference section */

/* Begin PBXFrameworksBuildPhase section */
		C03A7BAF238578C400C0A8B1 /* Frameworks */ = {
			isa = PBXFrameworksBuildPhase;
			buildActionMask = 2147483647;
			files = (
			);
			runOnlyForDeploymentPostprocessing = 0;
		};
/* End PBXFrameworksBuildPhase section */

/* Begin PBXGroup section */
		C03A7BA9238578C400C0A8B1 = {
			isa = PBXGroup;
			children = (
				C03A7BB4238578C400C0A8B1 /* RadarAnimation */,
				C03A7BB3238578C400C0A8B1 /* Products */,
			);
			sourceTree = "<group>";
		};
		C03A7BB3238578C400C0A8B1 /* Products */ = {
			isa = PBXGroup;
			children = (
				C03A7BB2238578C400C0A8B1 /* RadarAnimation.app */,
			);
			name = Products;
			sourceTree = "<group>";
		};
		C03A7BB4238578C400C0A8B1 /* RadarAnimation */ = {
			isa = PBXGroup;
			children = (
				C03A7BB5238578C400C0A8B1 /* AppDelegate.swift */,
				C03A7BB7238578C400C0A8B1 /* SceneDelegate.swift */,
				C03A7BB9238578C400C0A8B1 /* ViewController.swift */,
				C03A7BC9238579CB00C0A8B1 /* RadarView.swift */,
				C0B4C0962387042700483EE7 /* BackgroundGrid.swift */,
				C0B4C09A238708D800483EE7 /* Sweeper.swift */,
				C0B4C0982387044B00483EE7 /* Point.swift */,
				C03A7BBB238578C400C0A8B1 /* Main.storyboard */,
				C03A7BBE238578C800C0A8B1 /* Assets.xcassets */,
				C03A7BC0238578C800C0A8B1 /* LaunchScreen.storyboard */,
				C03A7BC3238578C800C0A8B1 /* Info.plist */,
				C03A7BCB23859E7E00C0A8B1 /* Extension.swift */,
			);
			path = RadarAnimation;
			sourceTree = "<group>";
		};
/* End PBXGroup section */

/* Begin PBXNativeTarget section */
		C03A7BB1238578C400C0A8B1 /* RadarAnimation */ = {
			isa = PBXNativeTarget;
			buildConfigurationList = C03A7BC6238578C800C0A8B1 /* Build configuration list for PBXNativeTarget "RadarAnimation" */;
			buildPhases = (
				C03A7BAE238578C400C0A8B1 /* Sources */,
				C03A7BAF238578C400C0A8B1 /* Frameworks */,
				C03A7BB0238578C400C0A8B1 /* Resources */,
			);
			buildRules = (
			);
			dependencies = (
			);
			name = RadarAnimation;
			productName = RadarAnimation;
			productReference = C03A7BB2238578C400C0A8B1 /* RadarAnimation.app */;
			productType = "com.apple.product-type.application";
		};
/* End PBXNativeTarget section */

/* Begin PBXProject section */
		C03A7BAA238578C400C0A8B1 /* Project object */ = {
			isa = PBXProject;
			attributes = {
				LastSwiftUpdateCheck = 1110;
				LastUpgradeCheck = 1110;
				ORGANIZATIONNAME = "Woohyun David Lee";
				TargetAttributes = {
					C03A7BB1238578C400C0A8B1 = {
						CreatedOnToolsVersion = 11.1;
					};
				};
			};
			buildConfigurationList = C03A7BAD238578C400C0A8B1 /* Build configuration list for PBXProject "RadarAnimation" */;
			compatibilityVersion = "Xcode 9.3";
			developmentRegion = en;
			hasScannedForEncodings = 0;
			knownRegions = (
				en,
				Base,
			);
			mainGroup = C03A7BA9238578C400C0A8B1;
			productRefGroup = C03A7BB3238578C400C0A8B1 /* Products */;
			projectDirPath = "";
			projectRoot = "";
			targets = (
				C03A7BB1238578C400C0A8B1 /* RadarAnimation */,
			);
		};
/* End PBXProject section */

/* Begin PBXResourcesBuildPhase section */
		C03A7BB0238578C400C0A8B1 /* Resources */ = {
			isa = PBXResourcesBuildPhase;
			buildActionMask = 2147483647;
			files = (
				C03A7BC2238578C800C0A8B1 /* LaunchScreen.storyboard in Resources */,
				C03A7BBF238578C800C0A8B1 /* Assets.xcassets in Resources */,
				C03A7BBD238578C400C0A8B1 /* Main.storyboard in Resources */,
			);
			runOnlyForDeploymentPostprocessing = 0;
		};
/* End PBXResourcesBuildPhase section */

/* Begin PBXSourcesBuildPhase section */
		C03A7BAE238578C400C0A8B1 /* Sources */ = {
			isa = PBXSourcesBuildPhase;
			buildActionMask = 2147483647;
			files = (
				C03A7BCC23859E7E00C0A8B1 /* Extension.swift in Sources */,
				C0B4C0972387042700483EE7 /* BackgroundGrid.swift in Sources */,
				C03A7BBA238578C400C0A8B1 /* ViewController.swift in Sources */,
				C0B4C09B238708D800483EE7 /* Sweeper.swift in Sources */,
				C03A7BB6238578C400C0A8B1 /* AppDelegate.swift in Sources */,
				C0B4C0992387044B00483EE7 /* Point.swift in Sources */,
				C03A7BB8238578C400C0A8B1 /* SceneDelegate.swift in Sources */,
				C03A7BCA238579CB00C0A8B1 /* RadarView.swift in Sources */,
			);
			runOnlyForDeploymentPostprocessing = 0;
		};
/* End PBXSourcesBuildPhase section */

/* Begin PBXVariantGroup section */
		C03A7BBB238578C400C0A8B1 /* Main.storyboard */ = {
			isa = PBXVariantGroup;
			children = (
				C03A7BBC238578C400C0A8B1 /* Base */,
			);
			name = Main.storyboard;
			sourceTree = "<group>";
		};
		C03A7BC0238578C800C0A8B1 /* LaunchScreen.storyboard */ = {
			isa = PBXVariantGroup;
			children = (
				C03A7BC1238578C800C0A8B1 /* Base */,
			);
			name = LaunchScreen.storyboard;
			sourceTree = "<group>";
		};
/* End PBXVariantGroup section */

/* Begin XCBuildConfiguration section */
		C03A7BC4238578C800C0A8B1 /* Debug */ = {
			isa = XCBuildConfiguration;
			buildSettings = {
				ALWAYS_SEARCH_USER_PATHS = NO;
				CLANG_ANALYZER_NONNULL = YES;
				CLANG_ANALYZER_NUMBER_OBJECT_CONVERSION = YES_AGGRESSIVE;
				CLANG_CXX_LANGUAGE_STANDARD = "gnu++14";
				CLANG_CXX_LIBRARY = "libc++";
				CLANG_ENABLE_MODULES = YES;
				CLANG_ENABLE_OBJC_ARC = YES;
				CLANG_ENABLE_OBJC_WEAK = YES;
				CLANG_WARN_BLOCK_CAPTURE_AUTORELEASING = YES;
				CLANG_WARN_BOOL_CONVERSION = YES;
				CLANG_WARN_COMMA = YES;
				CLANG_WARN_CONSTANT_CONVERSION = YES;
				CLANG_WARN_DEPRECATED_OBJC_IMPLEMENTATIONS = YES;
				CLANG_WARN_DIRECT_OBJC_ISA_USAGE = YES_ERROR;
				CLANG_WARN_DOCUMENTATION_COMMENTS = YES;
				CLANG_WARN_EMPTY_BODY = YES;
				CLANG_WARN_ENUM_CONVERSION = YES;
				CLANG_WARN_INFINITE_RECURSION = YES;
				CLANG_WARN_INT_CONVERSION = YES;
				CLANG_WARN_NON_LITERAL_NULL_CONVERSION = YES;
				CLANG_WARN_OBJC_IMPLICIT_RETAIN_SELF = YES;
				CLANG_WARN_OBJC_LITERAL_CONVERSION = YES;
				CLANG_WARN_OBJC_ROOT_CLASS = YES_ERROR;
				CLANG_WARN_RANGE_LOOP_ANALYSIS = YES;
				CLANG_WARN_STRICT_PROTOTYPES = YES;
				CLANG_WARN_SUSPICIOUS_MOVE = YES;
				CLANG_WARN_UNGUARDED_AVAILABILITY = YES_AGGRESSIVE;
				CLANG_WARN_UNREACHABLE_CODE = YES;
				CLANG_WARN__DUPLICATE_METHOD_MATCH = YES;
				COPY_PHASE_STRIP = NO;
				DEBUG_INFORMATION_FORMAT = dwarf;
				ENABLE_STRICT_OBJC_MSGSEND = YES;
				ENABLE_TESTABILITY = YES;
				GCC_C_LANGUAGE_STANDARD = gnu11;
				GCC_DYNAMIC_NO_PIC = NO;
				GCC_NO_COMMON_BLOCKS = YES;
				GCC_OPTIMIZATION_LEVEL = 0;
				GCC_PREPROCESSOR_DEFINITIONS = (
					"DEBUG=1",
					"$(inherited)",
				);
				GCC_WARN_64_TO_32_BIT_CONVERSION = YES;
				GCC_WARN_ABOUT_RETURN_TYPE = YES_ERROR;
				GCC_WARN_UNDECLARED_SELECTOR = YES;
				GCC_WARN_UNINITIALIZED_AUTOS = YES_AGGRESSIVE;
				GCC_WARN_UNUSED_FUNCTION = YES;
				GCC_WARN_UNUSED_VARIABLE = YES;
				IPHONEOS_DEPLOYMENT_TARGET = 13.1;
				MTL_ENABLE_DEBUG_INFO = INCLUDE_SOURCE;
				MTL_FAST_MATH = YES;
				ONLY_ACTIVE_ARCH = YES;
				SDKROOT = iphoneos;
				SWIFT_ACTIVE_COMPILATION_CONDITIONS = DEBUG;
				SWIFT_OPTIMIZATION_LEVEL = "-Onone";
			};
			name = Debug;
		};
		C03A7BC5238578C800C0A8B1 /* Release */ = {
			isa = XCBuildConfiguration;
			buildSettings = {
				ALWAYS_SEARCH_USER_PATHS = NO;
				CLANG_ANALYZER_NONNULL = YES;
				CLANG_ANALYZER_NUMBER_OBJECT_CONVERSION = YES_AGGRESSIVE;
				CLANG_CXX_LANGUAGE_STANDARD = "gnu++14";
				CLANG_CXX_LIBRARY = "libc++";
				CLANG_ENABLE_MODULES = YES;
				CLANG_ENABLE_OBJC_ARC = YES;
				CLANG_ENABLE_OBJC_WEAK = YES;
				CLANG_WARN_BLOCK_CAPTURE_AUTORELEASING = YES;
				CLANG_WARN_BOOL_CONVERSION = YES;
				CLANG_WARN_COMMA = YES;
				CLANG_WARN_CONSTANT_CONVERSION = YES;
				CLANG_WARN_DEPRECATED_OBJC_IMPLEMENTATIONS = YES;
				CLANG_WARN_DIRECT_OBJC_ISA_USAGE = YES_ERROR;
				CLANG_WARN_DOCUMENTATION_COMMENTS = YES;
				CLANG_WARN_EMPTY_BODY = YES;
				CLANG_WARN_ENUM_CONVERSION = YES;
				CLANG_WARN_INFINITE_RECURSION = YES;
				CLANG_WARN_INT_CONVERSION = YES;
				CLANG_WARN_NON_LITERAL_NULL_CONVERSION = YES;
				CLANG_WARN_OBJC_IMPLICIT_RETAIN_SELF = YES;
				CLANG_WARN_OBJC_LITERAL_CONVERSION = YES;
				CLANG_WARN_OBJC_ROOT_CLASS = YES_ERROR;
				CLANG_WARN_RANGE_LOOP_ANALYSIS = YES;
				CLANG_WARN_STRICT_PROTOTYPES = YES;
				CLANG_WARN_SUSPICIOUS_MOVE = YES;
				CLANG_WARN_UNGUARDED_AVAILABILITY = YES_AGGRESSIVE;
				CLANG_WARN_UNREACHABLE_CODE = YES;
				CLANG_WARN__DUPLICATE_METHOD_MATCH = YES;
				COPY_PHASE_STRIP = NO;
				DEBUG_INFORMATION_FORMAT = "dwarf-with-dsym";
				ENABLE_NS_ASSERTIONS = NO;
				ENABLE_STRICT_OBJC_MSGSEND = YES;
				GCC_C_LANGUAGE_STANDARD = gnu11;
				GCC_NO_COMMON_BLOCKS = YES;
				GCC_WARN_64_TO_32_BIT_CONVERSION = YES;
				GCC_WARN_ABOUT_RETURN_TYPE = YES_ERROR;
				GCC_WARN_UNDECLARED_SELECTOR = YES;
				GCC_WARN_UNINITIALIZED_AUTOS = YES_AGGRESSIVE;
				GCC_WARN_UNUSED_FUNCTION = YES;
				GCC_WARN_UNUSED_VARIABLE = YES;
				IPHONEOS_DEPLOYMENT_TARGET = 13.1;
				MTL_ENABLE_DEBUG_INFO = NO;
				MTL_FAST_MATH = YES;
				SDKROOT = iphoneos;
				SWIFT_COMPILATION_MODE = wholemodule;
				SWIFT_OPTIMIZATION_LEVEL = "-O";
				VALIDATE_PRODUCT = YES;
			};
			name = Release;
		};
		C03A7BC7238578C800C0A8B1 /* Debug */ = {
			isa = XCBuildConfiguration;
			buildSettings = {
				ASSETCATALOG_COMPILER_APPICON_NAME = AppIcon;
				CODE_SIGN_STYLE = Automatic;
				DEVELOPMENT_TEAM = 6DKW9GEJU7;
				INFOPLIST_FILE = RadarAnimation/Info.plist;
				LD_RUNPATH_SEARCH_PATHS = (
					"$(inherited)",
					"@executable_path/Frameworks",
				);
				PRODUCT_BUNDLE_IDENTIFIER = demo.RadarAnimation;
				PRODUCT_NAME = "$(TARGET_NAME)";
				SWIFT_VERSION = 5.0;
				TARGETED_DEVICE_FAMILY = "1,2";
			};
			name = Debug;
		};
		C03A7BC8238578C800C0A8B1 /* Release */ = {
			isa = XCBuildConfiguration;
			buildSettings = {
				ASSETCATALOG_COMPILER_APPICON_NAME = AppIcon;
				CODE_SIGN_STYLE = Automatic;
				DEVELOPMENT_TEAM = 6DKW9GEJU7;
				INFOPLIST_FILE = RadarAnimation/Info.plist;
				LD_RUNPATH_SEARCH_PATHS = (
					"$(inherited)",
					"@executable_path/Frameworks",
				);
				PRODUCT_BUNDLE_IDENTIFIER = demo.RadarAnimation;
				PRODUCT_NAME = "$(TARGET_NAME)";
				SWIFT_VERSION = 5.0;
				TARGETED_DEVICE_FAMILY = "1,2";
			};
			name = Release;
		};
/* End XCBuildConfiguration section */

/* Begin XCConfigurationList section */
		C03A7BAD238578C400C0A8B1 /* Build configuration list for PBXProject "RadarAnimation" */ = {
			isa = XCConfigurationList;
			buildConfigurations = (
				C03A7BC4238578C800C0A8B1 /* Debug */,
				C03A7BC5238578C800C0A8B1 /* Release */,
			);
			defaultConfigurationIsVisible = 0;
			defaultConfigurationName = Release;
		};
		C03A7BC6238578C800C0A8B1 /* Build configuration list for PBXNativeTarget "RadarAnimation" */ = {
			isa = XCConfigurationList;
			buildConfigurations = (
				C03A7BC7238578C800C0A8B1 /* Debug */,
				C03A7BC8238578C800C0A8B1 /* Release */,
			);
			defaultConfigurationIsVisible = 0;
			defaultConfigurationName = Release;
		};
/* End XCConfigurationList section */
	};
	rootObject = C03A7BAA238578C400C0A8B1 /* Project object */;
}
